
Microsoft Visual Studio Solution File, Format Version 12.00
# Visual Studio Version 17
VisualStudioVersion = 17.2.32519.379
MinimumVisualStudioVersion = 10.0.40219.1
Project("{FAE04EC0-301F-11D3-BF4B-00C04F79EFBC}") = "GAMF_N", "GAMF_N\GAMF_N.csproj", "{97ED69E0-E819-4CFE-A341-A70421512B1E}"
EndProject
Global
	GlobalSection(SolutionConfigurationPlatforms) = preSolution
		Debug|Any CPU = Debug|Any CPU
		Release|Any CPU = Release|Any CPU
	EndGlobalSection
	GlobalSection(ProjectConfigurationPlatforms) = postSolution
		{97ED69E0-E819-4CFE-A341-A70421512B1E}.Debug|Any CPU.ActiveCfg = Debug|Any CPU
		{97ED69E0-E819-4CFE-A341-A70421512B1E}.Debug|Any CPU.Build.0 = Debug|Any CPU
		{97ED69E0-E819-4CFE-A341-A70421512B1E}.Release|Any CPU.ActiveCfg = Release|Any CPU
		{97ED69E0-E819-4CFE-A341-A70421512B1E}.Release|Any CPU.Build.0 = Release|Any CPU
	EndGlobalSection
	GlobalSection(SolutionProperties) = preSolution
		HideSolutionNode = FALSE
	EndGlobalSection
	GlobalSection(ExtensibilityGlobals) = postSolution
		SolutionGuid = {6E949B49-FC50-425E-BCAD-8A005DC0737B}
	EndGlobalSection
EndGlobal
